
Microsoft Visual Studio Solution File, Format Version 12.00
# Visual Studio 15
VisualStudioVersion = 15.0.27130.2027
MinimumVisualStudioVersion = 10.0.40219.1
Project("{FAE04EC0-301F-11D3-BF4B-00C04F79EFBC}") = "CalculatePrice", "CalculatePrice\CalculatePrice.csproj", "{D440EC7F-A168-4C58-BF0B-87E0625E6DAD}"
EndProject
Project("{FAE04EC0-301F-11D3-BF4B-00C04F79EFBC}") = "PricingCalculator", "PricingCalculator\PricingCalculator.csproj", "{22E75CB9-F379-40B0-AFDA-442C01AEA1E9}"
EndProject
Global
	GlobalSection(SolutionConfigurationPlatforms) = preSolution
		Debug|Any CPU = Debug|Any CPU
		Release|Any CPU = Release|Any CPU
	EndGlobalSection
	GlobalSection(ProjectConfigurationPlatforms) = postSolution
		{D440EC7F-A168-4C58-BF0B-87E0625E6DAD}.Debug|Any CPU.ActiveCfg = Debug|Any CPU
		{D440EC7F-A168-4C58-BF0B-87E0625E6DAD}.Debug|Any CPU.Build.0 = Debug|Any CPU
		{D440EC7F-A168-4C58-BF0B-87E0625E6DAD}.Release|Any CPU.ActiveCfg = Release|Any CPU
		{D440EC7F-A168-4C58-BF0B-87E0625E6DAD}.Release|Any CPU.Build.0 = Release|Any CPU
		{22E75CB9-F379-40B0-AFDA-442C01AEA1E9}.Debug|Any CPU.ActiveCfg = Debug|Any CPU
		{22E75CB9-F379-40B0-AFDA-442C01AEA1E9}.Debug|Any CPU.Build.0 = Debug|Any CPU
		{22E75CB9-F379-40B0-AFDA-442C01AEA1E9}.Release|Any CPU.ActiveCfg = Release|Any CPU
		{22E75CB9-F379-40B0-AFDA-442C01AEA1E9}.Release|Any CPU.Build.0 = Release|Any CPU
	EndGlobalSection
	GlobalSection(SolutionProperties) = preSolution
		HideSolutionNode = FALSE
	EndGlobalSection
	GlobalSection(ExtensibilityGlobals) = postSolution
		SolutionGuid = {BBFFA3B6-063F-4FCA-90A1-7662F0E7F29A}
	EndGlobalSection
EndGlobal
